
Microsoft Visual Studio Solution File, Format Version 12.00
# Visual Studio 15
VisualStudioVersion = 15.0.27703.2018
MinimumVisualStudioVersion = 10.0.40219.1
Project("{FAE04EC0-301F-11D3-BF4B-00C04F79EFBC}") = "GitDemo", "GitDemo\GitDemo.csproj", "{B03D3739-7BE1-45FA-A122-2E2F4FD29BD3}"
EndProject
Global
	GlobalSection(SolutionConfigurationPlatforms) = preSolution
		Debug|Any CPU = Debug|Any CPU
		Release|Any CPU = Release|Any CPU
	EndGlobalSection
	GlobalSection(ProjectConfigurationPlatforms) = postSolution
		{B03D3739-7BE1-45FA-A122-2E2F4FD29BD3}.Debug|Any CPU.ActiveCfg = Debug|Any CPU
		{B03D3739-7BE1-45FA-A122-2E2F4FD29BD3}.Debug|Any CPU.Build.0 = Debug|Any CPU
		{B03D3739-7BE1-45FA-A122-2E2F4FD29BD3}.Release|Any CPU.ActiveCfg = Release|Any CPU
		{B03D3739-7BE1-45FA-A122-2E2F4FD29BD3}.Release|Any CPU.Build.0 = Release|Any CPU
	EndGlobalSection
	GlobalSection(SolutionProperties) = preSolution
		HideSolutionNode = FALSE
	EndGlobalSection
	GlobalSection(ExtensibilityGlobals) = postSolution
		SolutionGuid = {2BA450C1-EF27-4617-8782-DC0EB01CA366}
	EndGlobalSection
EndGlobal
